// !$*UTF8*$!
{
	archiveVersion = 1;
	classes = {
	};
	objectVersion = 55;
	objects = {

/* Begin PBXBuildFile section */
		E2ADE400278078B800875C2E /* AppDelegate.swift in Sources */ = {isa = PBXBuildFile; fileRef = E2ADE3FF278078B800875C2E /* AppDelegate.swift */; };
		E2ADE402278078B800875C2E /* SceneDelegate.swift in Sources */ = {isa = PBXBuildFile; fileRef = E2ADE401278078B800875C2E /* SceneDelegate.swift */; };
		E2ADE404278078B800875C2E /* ViewController.swift in Sources */ = {isa = PBXBuildFile; fileRef = E2ADE403278078B800875C2E /* ViewController.swift */; };
		E2ADE407278078B800875C2E /* Main.storyboard in Resources */ = {isa = PBXBuildFile; fileRef = E2ADE405278078B800875C2E /* Main.storyboard */; };
		E2ADE409278078B900875C2E /* Assets.xcassets in Resources */ = {isa = PBXBuildFile; fileRef = E2ADE408278078B900875C2E /* Assets.xcassets */; };
		E2ADE40C278078B900875C2E /* LaunchScreen.storyboard in Resources */ = {isa = PBXBuildFile; fileRef = E2ADE40A278078B900875C2E /* LaunchScreen.storyboard */; };
		E2ADE41A27807B0800875C2E /* Data manager.swift in Sources */ = {isa = PBXBuildFile; fileRef = E2ADE41927807B0800875C2E /* Data manager.swift */; };
		E2BA6E3D2784703800B30266 /* HoroscopeModel.swift in Sources */ = {isa = PBXBuildFile; fileRef = E2BA6E3C2784703800B30266 /* HoroscopeModel.swift */; };
/* End PBXBuildFile section */

/* Begin PBXFileReference section */
		E2ADE3FC278078B800875C2E /* PersonHoroscope.app */ = {isa = PBXFileReference; explicitFileType = wrapper.application; includeInIndex = 0; path = PersonHoroscope.app; sourceTree = BUILT_PRODUCTS_DIR; };
		E2ADE3FF278078B800875C2E /* AppDelegate.swift */ = {isa = PBXFileReference; lastKnownFileType = sourcecode.swift; path = AppDelegate.swift; sourceTree = "<group>"; };
		E2ADE401278078B800875C2E /* SceneDelegate.swift */ = {isa = PBXFileReference; lastKnownFileType = sourcecode.swift; path = SceneDelegate.swift; sourceTree = "<group>"; };
		E2ADE403278078B800875C2E /* ViewController.swift */ = {isa = PBXFileReference; lastKnownFileType = sourcecode.swift; path = ViewController.swift; sourceTree = "<group>"; };
		E2ADE406278078B800875C2E /* Base */ = {isa = PBXFileReference; lastKnownFileType = file.storyboard; name = Base; path = Base.lproj/Main.storyboard; sourceTree = "<group>"; };
		E2ADE408278078B900875C2E /* Assets.xcassets */ = {isa = PBXFileReference; lastKnownFileType = folder.assetcatalog; path = Assets.xcassets; sourceTree = "<group>"; };
		E2ADE40B278078B900875C2E /* Base */ = {isa = PBXFileReference; lastKnownFileType = file.storyboard; name = Base; path = Base.lproj/LaunchScreen.storyboard; sourceTree = "<group>"; };
		E2ADE40D278078B900875C2E /* Info.plist */ = {isa = PBXFileReference; lastKnownFileType = text.plist.xml; path = Info.plist; sourceTree = "<group>"; };
		E2ADE41927807B0800875C2E /* Data manager.swift */ = {isa = PBXFileReference; lastKnownFileType = sourcecode.swift; path = "Data manager.swift"; sourceTree = "<group>"; };
		E2BA6E3C2784703800B30266 /* HoroscopeModel.swift */ = {isa = PBXFileReference; lastKnownFileType = sourcecode.swift; path = HoroscopeModel.swift; sourceTree = "<group>"; };
/* End PBXFileReference section */

/* Begin PBXFrameworksBuildPhase section */
		E2ADE3F9278078B800875C2E /* Frameworks */ = {
			isa = PBXFrameworksBuildPhase;
			buildActionMask = 2147483647;
			files = (
			);
			runOnlyForDeploymentPostprocessing = 0;
		};
/* End PBXFrameworksBuildPhase section */

/* Begin PBXGroup section */
		E2ADE3F3278078B800875C2E = {
			isa = PBXGroup;
			children = (
				E2ADE3FE278078B800875C2E /* PersonHoroscope */,
				E2ADE3FD278078B800875C2E /* Products */,
			);
			sourceTree = "<group>";
		};
		E2ADE3FD278078B800875C2E /* Products */ = {
			isa = PBXGroup;
			children = (
				E2ADE3FC278078B800875C2E /* PersonHoroscope.app */,
			);
			name = Products;
			sourceTree = "<group>";
		};
		E2ADE3FE278078B800875C2E /* PersonHoroscope */ = {
			isa = PBXGroup;
			children = (
				E2ADE414278078F100875C2E /* ViewControlers */,
				E2ADE413278078D900875C2E /* Storyboards */,
				E2ADE4152780790300875C2E /* Model */,
				E2ADE4162780795100875C2E /* Servises */,
				E2ADE4182780796600875C2E /* Support */,
				E2ADE4172780795B00875C2E /* Files */,
			);
			path = PersonHoroscope;
			sourceTree = "<group>";
		};
		E2ADE413278078D900875C2E /* Storyboards */ = {
			isa = PBXGroup;
			children = (
				E2ADE40A278078B900875C2E /* LaunchScreen.storyboard */,
				E2ADE405278078B800875C2E /* Main.storyboard */,
			);
			path = Storyboards;
			sourceTree = "<group>";
		};
		E2ADE414278078F100875C2E /* ViewControlers */ = {
			isa = PBXGroup;
			children = (
				E2ADE403278078B800875C2E /* ViewController.swift */,
			);
			path = ViewControlers;
			sourceTree = "<group>";
		};
		E2ADE4152780790300875C2E /* Model */ = {
			isa = PBXGroup;
			children = (
				E2BA6E3C2784703800B30266 /* HoroscopeModel.swift */,
			);
			path = Model;
			sourceTree = "<group>";
		};
		E2ADE4162780795100875C2E /* Servises */ = {
			isa = PBXGroup;
			children = (
				E2ADE41927807B0800875C2E /* Data manager.swift */,
			);
			path = Servises;
			sourceTree = "<group>";
		};
		E2ADE4172780795B00875C2E /* Files */ = {
			isa = PBXGroup;
			children = (
				E2ADE408278078B900875C2E /* Assets.xcassets */,
			);
			path = Files;
			sourceTree = "<group>";
		};
		E2ADE4182780796600875C2E /* Support */ = {
			isa = PBXGroup;
			children = (
				E2ADE3FF278078B800875C2E /* AppDelegate.swift */,
				E2ADE401278078B800875C2E /* SceneDelegate.swift */,
				E2ADE40D278078B900875C2E /* Info.plist */,
			);
			path = Support;
			sourceTree = "<group>";
		};
/* End PBXGroup section */

/* Begin PBXNativeTarget section */
		E2ADE3FB278078B800875C2E /* PersonHoroscope */ = {
			isa = PBXNativeTarget;
			buildConfigurationList = E2ADE410278078B900875C2E /* Build configuration list for PBXNativeTarget "PersonHoroscope" */;
			buildPhases = (
				E2ADE3F8278078B800875C2E /* Sources */,
				E2ADE3F9278078B800875C2E /* Frameworks */,
				E2ADE3FA278078B800875C2E /* Resources */,
			);
			buildRules = (
			);
			dependencies = (
			);
			name = PersonHoroscope;
			productName = PersonHoroscope;
			productReference = E2ADE3FC278078B800875C2E /* PersonHoroscope.app */;
			productType = "com.apple.product-type.application";
		};
/* End PBXNativeTarget section */

/* Begin PBXProject section */
		E2ADE3F4278078B800875C2E /* Project object */ = {
			isa = PBXProject;
			attributes = {
				BuildIndependentTargetsInParallel = 1;
				LastSwiftUpdateCheck = 1320;
				LastUpgradeCheck = 1320;
				TargetAttributes = {
					E2ADE3FB278078B800875C2E = {
						CreatedOnToolsVersion = 13.2.1;
					};
				};
			};
			buildConfigurationList = E2ADE3F7278078B800875C2E /* Build configuration list for PBXProject "PersonHoroscope" */;
			compatibilityVersion = "Xcode 13.0";
			developmentRegion = en;
			hasScannedForEncodings = 0;
			knownRegions = (
				en,
				Base,
			);
			mainGroup = E2ADE3F3278078B800875C2E;
			productRefGroup = E2ADE3FD278078B800875C2E /* Products */;
			projectDirPath = "";
			projectRoot = "";
			targets = (
				E2ADE3FB278078B800875C2E /* PersonHoroscope */,
			);
		};
/* End PBXProject section */

/* Begin PBXResourcesBuildPhase section */
		E2ADE3FA278078B800875C2E /* Resources */ = {
			isa = PBXResourcesBuildPhase;
			buildActionMask = 2147483647;
			files = (
				E2ADE40C278078B900875C2E /* LaunchScreen.storyboard in Resources */,
				E2ADE409278078B900875C2E /* Assets.xcassets in Resources */,
				E2ADE407278078B800875C2E /* Main.storyboard in Resources */,
			);
			runOnlyForDeploymentPostprocessing = 0;
		};
/* End PBXResourcesBuildPhase section */

/* Begin PBXSourcesBuildPhase section */
		E2ADE3F8278078B800875C2E /* Sources */ = {
			isa = PBXSourcesBuildPhase;
			buildActionMask = 2147483647;
			files = (
				E2ADE404278078B800875C2E /* ViewController.swift in Sources */,
				E2BA6E3D2784703800B30266 /* HoroscopeModel.swift in Sources */,
				E2ADE400278078B800875C2E /* AppDelegate.swift in Sources */,
				E2ADE41A27807B0800875C2E /* Data manager.swift in Sources */,
				E2ADE402278078B800875C2E /* SceneDelegate.swift in Sources */,
			);
			runOnlyForDeploymentPostprocessing = 0;
		};
/* End PBXSourcesBuildPhase section */

/* Begin PBXVariantGroup section */
		E2ADE405278078B800875C2E /* Main.storyboard */ = {
			isa = PBXVariantGroup;
			children = (
				E2ADE406278078B800875C2E /* Base */,
			);
			name = Main.storyboard;
			sourceTree = "<group>";
		};
		E2ADE40A278078B900875C2E /* LaunchScreen.storyboard */ = {
			isa = PBXVariantGroup;
			children = (
				E2ADE40B278078B900875C2E /* Base */,
			);
			name = LaunchScreen.storyboard;
			sourceTree = "<group>";
		};
/* End PBXVariantGroup section */

/* Begin XCBuildConfiguration section */
		E2ADE40E278078B900875C2E /* Debug */ = {
			isa = XCBuildConfiguration;
			buildSettings = {
				ALWAYS_SEARCH_USER_PATHS = NO;
				CLANG_ANALYZER_NONNULL = YES;
				CLANG_ANALYZER_NUMBER_OBJECT_CONVERSION = YES_AGGRESSIVE;
				CLANG_CXX_LANGUAGE_STANDARD = "gnu++17";
				CLANG_CXX_LIBRARY = "libc++";
				CLANG_ENABLE_MODULES = YES;
				CLANG_ENABLE_OBJC_ARC = YES;
				CLANG_ENABLE_OBJC_WEAK = YES;
				CLANG_WARN_BLOCK_CAPTURE_AUTORELEASING = YES;
				CLANG_WARN_BOOL_CONVERSION = YES;
				CLANG_WARN_COMMA = YES;
				CLANG_WARN_CONSTANT_CONVERSION = YES;
				CLANG_WARN_DEPRECATED_OBJC_IMPLEMENTATIONS = YES;
				CLANG_WARN_DIRECT_OBJC_ISA_USAGE = YES_ERROR;
				CLANG_WARN_DOCUMENTATION_COMMENTS = YES;
				CLANG_WARN_EMPTY_BODY = YES;
				CLANG_WARN_ENUM_CONVERSION = YES;
				CLANG_WARN_INFINITE_RECURSION = YES;
				CLANG_WARN_INT_CONVERSION = YES;
				CLANG_WARN_NON_LITERAL_NULL_CONVERSION = YES;
				CLANG_WARN_OBJC_IMPLICIT_RETAIN_SELF = YES;
				CLANG_WARN_OBJC_LITERAL_CONVERSION = YES;
				CLANG_WARN_OBJC_ROOT_CLASS = YES_ERROR;
				CLANG_WARN_QUOTED_INCLUDE_IN_FRAMEWORK_HEADER = YES;
				CLANG_WARN_RANGE_LOOP_ANALYSIS = YES;
				CLANG_WARN_STRICT_PROTOTYPES = YES;
				CLANG_WARN_SUSPICIOUS_MOVE = YES;
				CLANG_WARN_UNGUARDED_AVAILABILITY = YES_AGGRESSIVE;
				CLANG_WARN_UNREACHABLE_CODE = YES;
				CLANG_WARN__DUPLICATE_METHOD_MATCH = YES;
				COPY_PHASE_STRIP = NO;
				DEBUG_INFORMATION_FORMAT = dwarf;
				ENABLE_STRICT_OBJC_MSGSEND = YES;
				ENABLE_TESTABILITY = YES;
				GCC_C_LANGUAGE_STANDARD = gnu11;
				GCC_DYNAMIC_NO_PIC = NO;
				GCC_NO_COMMON_BLOCKS = YES;
				GCC_OPTIMIZATION_LEVEL = 0;
				GCC_PREPROCESSOR_DEFINITIONS = (
					"DEBUG=1",
					"$(inherited)",
				);
				GCC_WARN_64_TO_32_BIT_CONVERSION = YES;
				GCC_WARN_ABOUT_RETURN_TYPE = YES_ERROR;
				GCC_WARN_UNDECLARED_SELECTOR = YES;
				GCC_WARN_UNINITIALIZED_AUTOS = YES_AGGRESSIVE;
				GCC_WARN_UNUSED_FUNCTION = YES;
				GCC_WARN_UNUSED_VARIABLE = YES;
				IPHONEOS_DEPLOYMENT_TARGET = 15.2;
				MTL_ENABLE_DEBUG_INFO = INCLUDE_SOURCE;
				MTL_FAST_MATH = YES;
				ONLY_ACTIVE_ARCH = YES;
				SDKROOT = iphoneos;
				SWIFT_ACTIVE_COMPILATION_CONDITIONS = DEBUG;
				SWIFT_OPTIMIZATION_LEVEL = "-Onone";
			};
			name = Debug;
		};
		E2ADE40F278078B900875C2E /* Release */ = {
			isa = XCBuildConfiguration;
			buildSettings = {
				ALWAYS_SEARCH_USER_PATHS = NO;
				CLANG_ANALYZER_NONNULL = YES;
				CLANG_ANALYZER_NUMBER_OBJECT_CONVERSION = YES_AGGRESSIVE;
				CLANG_CXX_LANGUAGE_STANDARD = "gnu++17";
				CLANG_CXX_LIBRARY = "libc++";
				CLANG_ENABLE_MODULES = YES;
				CLANG_ENABLE_OBJC_ARC = YES;
				CLANG_ENABLE_OBJC_WEAK = YES;
				CLANG_WARN_BLOCK_CAPTURE_AUTORELEASING = YES;
				CLANG_WARN_BOOL_CONVERSION = YES;
				CLANG_WARN_COMMA = YES;
				CLANG_WARN_CONSTANT_CONVERSION = YES;
				CLANG_WARN_DEPRECATED_OBJC_IMPLEMENTATIONS = YES;
				CLANG_WARN_DIRECT_OBJC_ISA_USAGE = YES_ERROR;
				CLANG_WARN_DOCUMENTATION_COMMENTS = YES;
				CLANG_WARN_EMPTY_BODY = YES;
				CLANG_WARN_ENUM_CONVERSION = YES;
				CLANG_WARN_INFINITE_RECURSION = YES;
				CLANG_WARN_INT_CONVERSION = YES;
				CLANG_WARN_NON_LITERAL_NULL_CONVERSION = YES;
				CLANG_WARN_OBJC_IMPLICIT_RETAIN_SELF = YES;
				CLANG_WARN_OBJC_LITERAL_CONVERSION = YES;
				CLANG_WARN_OBJC_ROOT_CLASS = YES_ERROR;
				CLANG_WARN_QUOTED_INCLUDE_IN_FRAMEWORK_HEADER = YES;
				CLANG_WARN_RANGE_LOOP_ANALYSIS = YES;
				CLANG_WARN_STRICT_PROTOTYPES = YES;
				CLANG_WARN_SUSPICIOUS_MOVE = YES;
				CLANG_WARN_UNGUARDED_AVAILABILITY = YES_AGGRESSIVE;
				CLANG_WARN_UNREACHABLE_CODE = YES;
				CLANG_WARN__DUPLICATE_METHOD_MATCH = YES;
				COPY_PHASE_STRIP = NO;
				DEBUG_INFORMATION_FORMAT = "dwarf-with-dsym";
				ENABLE_NS_ASSERTIONS = NO;
				ENABLE_STRICT_OBJC_MSGSEND = YES;
				GCC_C_LANGUAGE_STANDARD = gnu11;
				GCC_NO_COMMON_BLOCKS = YES;
				GCC_WARN_64_TO_32_BIT_CONVERSION = YES;
				GCC_WARN_ABOUT_RETURN_TYPE = YES_ERROR;
				GCC_WARN_UNDECLARED_SELECTOR = YES;
				GCC_WARN_UNINITIALIZED_AUTOS = YES_AGGRESSIVE;
				GCC_WARN_UNUSED_FUNCTION = YES;
				GCC_WARN_UNUSED_VARIABLE = YES;
				IPHONEOS_DEPLOYMENT_TARGET = 15.2;
				MTL_ENABLE_DEBUG_INFO = NO;
				MTL_FAST_MATH = YES;
				SDKROOT = iphoneos;
				SWIFT_COMPILATION_MODE = wholemodule;
				SWIFT_OPTIMIZATION_LEVEL = "-O";
				VALIDATE_PRODUCT = YES;
			};
			name = Release;
		};
		E2ADE411278078B900875C2E /* Debug */ = {
			isa = XCBuildConfiguration;
			buildSettings = {
				ASSETCATALOG_COMPILER_APPICON_NAME = AppIcon;
				ASSETCATALOG_COMPILER_GLOBAL_ACCENT_COLOR_NAME = AccentColor;
				CODE_SIGN_STYLE = Automatic;
				CURRENT_PROJECT_VERSION = 1;
				DEVELOPMENT_TEAM = QD5349NP78;
				GENERATE_INFOPLIST_FILE = YES;
				INFOPLIST_FILE = PersonHoroscope/Support/Info.plist;
				INFOPLIST_KEY_UIApplicationSupportsIndirectInputEvents = YES;
				INFOPLIST_KEY_UILaunchStoryboardName = LaunchScreen;
				INFOPLIST_KEY_UIMainStoryboardFile = Main;
				INFOPLIST_KEY_UISupportedInterfaceOrientations_iPad = "UIInterfaceOrientationPortrait UIInterfaceOrientationPortraitUpsideDown UIInterfaceOrientationLandscapeLeft UIInterfaceOrientationLandscapeRight";
				INFOPLIST_KEY_UISupportedInterfaceOrientations_iPhone = "UIInterfaceOrientationPortrait UIInterfaceOrientationLandscapeLeft UIInterfaceOrientationLandscapeRight";
				LD_RUNPATH_SEARCH_PATHS = (
					"$(inherited)",
					"@executable_path/Frameworks",
				);
				MARKETING_VERSION = 1.0;
				PRODUCT_BUNDLE_IDENTIFIER = Panin.PersonHoroscope;
				PRODUCT_NAME = "$(TARGET_NAME)";
				SWIFT_EMIT_LOC_STRINGS = YES;
				SWIFT_VERSION = 5.0;
				TARGETED_DEVICE_FAMILY = "1,2";
			};
			name = Debug;
		};
		E2ADE412278078B900875C2E /* Release */ = {
			isa = XCBuildConfiguration;
			buildSettings = {
				ASSETCATALOG_COMPILER_APPICON_NAME = AppIcon;
				ASSETCATALOG_COMPILER_GLOBAL_ACCENT_COLOR_NAME = AccentColor;
				CODE_SIGN_STYLE = Automatic;
				CURRENT_PROJECT_VERSION = 1;
				DEVELOPMENT_TEAM = QD5349NP78;
				GENERATE_INFOPLIST_FILE = YES;
				INFOPLIST_FILE = PersonHoroscope/Support/Info.plist;
				INFOPLIST_KEY_UIApplicationSupportsIndirectInputEvents = YES;
				INFOPLIST_KEY_UILaunchStoryboardName = LaunchScreen;
				INFOPLIST_KEY_UIMainStoryboardFile = Main;
				INFOPLIST_KEY_UISupportedInterfaceOrientations_iPad = "UIInterfaceOrientationPortrait UIInterfaceOrientationPortraitUpsideDown UIInterfaceOrientationLandscapeLeft UIInterfaceOrientationLandscapeRight";
				INFOPLIST_KEY_UISupportedInterfaceOrientations_iPhone = "UIInterfaceOrientationPortrait UIInterfaceOrientationLandscapeLeft UIInterfaceOrientationLandscapeRight";
				LD_RUNPATH_SEARCH_PATHS = (
					"$(inherited)",
					"@executable_path/Frameworks",
				);
				MARKETING_VERSION = 1.0;
				PRODUCT_BUNDLE_IDENTIFIER = Panin.PersonHoroscope;
				PRODUCT_NAME = "$(TARGET_NAME)";
				SWIFT_EMIT_LOC_STRINGS = YES;
				SWIFT_VERSION = 5.0;
				TARGETED_DEVICE_FAMILY = "1,2";
			};
			name = Release;
		};
/* End XCBuildConfiguration section */

/* Begin XCConfigurationList section */
		E2ADE3F7278078B800875C2E /* Build configuration list for PBXProject "PersonHoroscope" */ = {
			isa = XCConfigurationList;
			buildConfigurations = (
				E2ADE40E278078B900875C2E /* Debug */,
				E2ADE40F278078B900875C2E /* Release */,
			);
			defaultConfigurationIsVisible = 0;
			defaultConfigurationName = Release;
		};
		E2ADE410278078B900875C2E /* Build configuration list for PBXNativeTarget "PersonHoroscope" */ = {
			isa = XCConfigurationList;
			buildConfigurations = (
				E2ADE411278078B900875C2E /* Debug */,
				E2ADE412278078B900875C2E /* Release */,
			);
			defaultConfigurationIsVisible = 0;
			defaultConfigurationName = Release;
		};
/* End XCConfigurationList section */
	};
	rootObject = E2ADE3F4278078B800875C2E /* Project object */;
}
